Microsoft Visual Studio Solution File, Format Version 12.00
# Visual Studio Version 17
VisualStudioVersion = 17.5.2.0
MinimumVisualStudioVersion = 10.0.40219.1
Project("{FAE04EC0-301F-11D3-BF4B-00C04F79EFBC}") = "PatientMenu", "PatientMenu.csproj", "{7A8D064C-7A0D-73B9-277D-332457D22E3A}"
EndProject
Project("{FAE04EC0-301F-11D3-BF4B-00C04F79EFBC}") = "PatientMenu.Tests", "PatientMenu.Tests\PatientMenu.Tests.csproj", "{C5B4928D-719E-4783-8FA1-5B90F099B127}"
EndProject
Global
	GlobalSection(SolutionConfigurationPlatforms) = preSolution
		Debug|Any CPU = Debug|Any CPU
		Release|Any CPU = Release|Any CPU
	EndGlobalSection
	GlobalSection(ProjectConfigurationPlatforms) = postSolution
		{7A8D064C-7A0D-73B9-277D-332457D22E3A}.Debug|Any CPU.ActiveCfg = Debug|Any CPU
		{7A8D064C-7A0D-73B9-277D-332457D22E3A}.Debug|Any CPU.Build.0 = Debug|Any CPU
		{7A8D064C-7A0D-73B9-277D-332457D22E3A}.Release|Any CPU.ActiveCfg = Release|Any CPU
		{7A8D064C-7A0D-73B9-277D-332457D22E3A}.Release|Any CPU.Build.0 = Release|Any CPU
		{C5B4928D-719E-4783-8FA1-5B90F099B127}.Debug|Any CPU.ActiveCfg = Debug|Any CPU
		{C5B4928D-719E-4783-8FA1-5B90F099B127}.Debug|Any CPU.Build.0 = Debug|Any CPU
		{C5B4928D-719E-4783-8FA1-5B90F099B127}.Release|Any CPU.ActiveCfg = Release|Any CPU
		{C5B4928D-719E-4783-8FA1-5B90F099B127}.Release|Any CPU.Build.0 = Release|Any CPU
	EndGlobalSection
	GlobalSection(SolutionProperties) = preSolution
		HideSolutionNode = FALSE
	EndGlobalSection
	GlobalSection(ExtensibilityGlobals) = postSolution
		SolutionGuid = {777899F8-A19F-43FE-81CA-2DA47459A1E6}
	EndGlobalSection
EndGlobal
